<?xml version="1.0" encoding="utf-8"?>
<Project ToolsVersion="4.0" xmlns="http://schemas.microsoft.com/developer/msbuild/2003">
  <ItemGroup>
    <Filter Include="Source Files">
      <UniqueIdentifier>{4FC737F1-C7A5-4376-A066-2A32D752A2FF}</UniqueIdentifier>
      <Extensions>cpp;c;cc;cxx;def;odl;idl;hpj;bat;asm;asmx</Extensions>
    </Filter>
    <Filter Include="Header Files">
      <UniqueIdentifier>{93995380-89BD-4b04-88EB-625FBE52EBFB}</UniqueIdentifier>
      <Extensions>h;hh;hpp;hxx;hm;inl;inc;ipp;xsd</Extensions>
    </Filter>
    <Filter Include="Resource Files">
      <UniqueIdentifier>{67DA6AB6-F800-4c08-8B7A-83BB121AAD01}</UniqueIdentifier>
      <Extensions>rc;ico;cur;bmp;dlg;rc2;rct;bin;rgs;gif;jpg;jpeg;jpe;resx;tiff;tif;png;wav;mfcribbon-ms</Extensions>
    </Filter>
    <Filter Include="Header Files\Utils">
      <UniqueIdentifier>{a7d0c3b3-c48b-4e7f-8836-587c9a9ba45a}</UniqueIdentifier>
    </Filter>
    <Filter Include="Header Files\Serialization">
      <UniqueIdentifier>{25926a49-ce9a-4868-9a37-be61ff16854b}</UniqueIdentifier>
    </Filter>
    <Filter Include="Header Files\Reflection">
      <UniqueIdentifier>{fce503a6-e0a6-48c1-9ba5-0bb04e80f3c3}</UniqueIdentifier>
    </Filter>
  </ItemGroup>
  <ItemGroup>
    <ClInclude Include="pch.h">
      <Filter>Header Files</Filter>
    </ClInclude>
    <ClInclude Include="Buffers.h">
      <Filter>Header Files\Serialization</Filter>
    </ClInclude>
    <ClInclude Include="Serialization.h">
      <Filter>Header Files\Serialization</Filter>
    </ClInclude>
    <ClInclude Include="Reflection.h">
      <Filter>Header Files\Reflection</Filter>
    </ClInclude>
    <ClInclude Include="SizeTArray.h">
      <Filter>Header Files\Utils</Filter>
    </ClInclude>
    <ClInclude Include="Tuple.h">
      <Filter>Header Files\Utils</Filter>
    </ClInclude>
    <ClInclude Include="Support.h">
      <Filter>Header Files\Utils</Filter>
    </ClInclude>
    <ClInclude Include="StreamOperators.h">
      <Filter>Header Files\Serialization</Filter>
    </ClInclude>
    <ClInclude Include="Config.h">
      <Filter>Header Files</Filter>
    </ClInclude>
    <ClInclude Include="RegisteredTypeTrait.h">
      <Filter>Header Files\Utils</Filter>
    </ClInclude>
    <ClInclude Include="GetFieldsCount.h">
      <Filter>Header Files\Reflection</Filter>
    </ClInclude>
    <ClInclude Include="GetTypeIds.h">
      <Filter>Header Files\Reflection</Filter>
    </ClInclude>
    <ClInclude Include="ToTuple.h">
      <Filter>Header Files\Reflection</Filter>
    </ClInclude>
    <ClInclude Include="FromTuple.h">
      <Filter>Header Files\Reflection</Filter>
    </ClInclude>
  </ItemGroup>
  <ItemGroup>
    <ClCompile Include="pch.cpp">
      <Filter>Source Files</Filter>
    </ClCompile>
  </ItemGroup>
</Project>